
Microsoft Visual Studio Solution File, Format Version 10.00
# Visual Studio 2008
Project("{8BC9CEB8-8B4A-11D0-8D11-00A0C91BC942}") = "cppsom", "cppsom.vcproj", "{E4C195C8-982E-4690-8C7F-4E4C667542BD}"
	ProjectSection(ProjectDependencies) = postProject
		{9EDF060A-3E89-4CB6-84EE-A761302A9BF3} = {9EDF060A-3E89-4CB6-84EE-A761302A9BF3}
	EndProjectSection
EndProject
Project("{8BC9CEB8-8B4A-11D0-8D11-00A0C91BC942}") = "SOMCore", "src\primitives\SOMCore.vcproj", "{41B17196-BA46-414B-82BA-7CCF213BA77E}"
	ProjectSection(ProjectDependencies) = postProject
		{9EDF060A-3E89-4CB6-84EE-A761302A9BF3} = {9EDF060A-3E89-4CB6-84EE-A761302A9BF3}
	EndProjectSection
EndProject
Project("{8BC9CEB8-8B4A-11D0-8D11-00A0C91BC942}") = "cppsom_dll", "src\cppsom_dll.vcproj", "{9EDF060A-3E89-4CB6-84EE-A761302A9BF3}"
EndProject
Project("{8BC9CEB8-8B4A-11D0-8D11-00A0C91BC942}") = "primitivesCore", "src\primitivesCore\primitivesCore.vcproj", "{0D3B827C-96D7-40C0-8319-B3A3EA492D96}"
EndProject
Global
	GlobalSection(SolutionConfigurationPlatforms) = preSolution
		Debug|Win32 = Debug|Win32
		Release|Win32 = Release|Win32
	EndGlobalSection
	GlobalSection(ProjectConfigurationPlatforms) = postSolution
		{E4C195C8-982E-4690-8C7F-4E4C667542BD}.Debug|Win32.ActiveCfg = Debug|Win32
		{E4C195C8-982E-4690-8C7F-4E4C667542BD}.Debug|Win32.Build.0 = Debug|Win32
		{E4C195C8-982E-4690-8C7F-4E4C667542BD}.Release|Win32.ActiveCfg = Release|Win32
		{E4C195C8-982E-4690-8C7F-4E4C667542BD}.Release|Win32.Build.0 = Release|Win32
		{41B17196-BA46-414B-82BA-7CCF213BA77E}.Debug|Win32.ActiveCfg = Debug|Win32
		{41B17196-BA46-414B-82BA-7CCF213BA77E}.Debug|Win32.Build.0 = Debug|Win32
		{41B17196-BA46-414B-82BA-7CCF213BA77E}.Release|Win32.ActiveCfg = Release|Win32
		{41B17196-BA46-414B-82BA-7CCF213BA77E}.Release|Win32.Build.0 = Release|Win32
		{9EDF060A-3E89-4CB6-84EE-A761302A9BF3}.Debug|Win32.ActiveCfg = Debug|Win32
		{9EDF060A-3E89-4CB6-84EE-A761302A9BF3}.Debug|Win32.Build.0 = Debug|Win32
		{9EDF060A-3E89-4CB6-84EE-A761302A9BF3}.Release|Win32.ActiveCfg = Release|Win32
		{9EDF060A-3E89-4CB6-84EE-A761302A9BF3}.Release|Win32.Build.0 = Release|Win32
		{0D3B827C-96D7-40C0-8319-B3A3EA492D96}.Debug|Win32.ActiveCfg = Debug|Win32
		{0D3B827C-96D7-40C0-8319-B3A3EA492D96}.Debug|Win32.Build.0 = Debug|Win32
		{0D3B827C-96D7-40C0-8319-B3A3EA492D96}.Release|Win32.ActiveCfg = Release|Win32
		{0D3B827C-96D7-40C0-8319-B3A3EA492D96}.Release|Win32.Build.0 = Release|Win32
	EndGlobalSection
	GlobalSection(SolutionProperties) = preSolution
		HideSolutionNode = FALSE
	EndGlobalSection
EndGlobal
