// !$*UTF8*$!
{
	archiveVersion = 1;
	classes = {
	};
	objectVersion = 45;
	objects = {

/* Begin PBXFileReference section */
		0A044B320FD32F07009B284F /* actors.cpp */ = {isa = PBXFileReference; fileEncoding = 4; indentWidth = 4; lastKnownFileType = sourcecode.cpp.cpp; path = actors.cpp; sourceTree = "<group>"; tabWidth = 4; };
		0A044B330FD32F07009B284F /* asm.h */ = {isa = PBXFileReference; fileEncoding = 4; lastKnownFileType = sourcecode.c.h; path = asm.h; sourceTree = "<group>"; };
		0A044B340FD32F07009B284F /* asm_test.cpp */ = {isa = PBXFileReference; fileEncoding = 4; lastKnownFileType = sourcecode.cpp.cpp; path = asm_test.cpp; sourceTree = "<group>"; };
		0A044B350FD32F07009B284F /* asm_test.h */ = {isa = PBXFileReference; fileEncoding = 4; lastKnownFileType = sourcecode.c.h; path = asm_test.h; sourceTree = "<group>"; };
		0A044B380FD32F07009B284F /* Interpreter.cpp */ = {isa = PBXFileReference; fileEncoding = 4; indentWidth = 4; lastKnownFileType = sourcecode.cpp.cpp; path = Interpreter.cpp; sourceTree = "<group>"; tabWidth = 4; };
		0A044B3A0FD32F07009B284F /* synced_queue.cpp */ = {isa = PBXFileReference; fileEncoding = 4; lastKnownFileType = sourcecode.cpp.cpp; path = synced_queue.cpp; sourceTree = "<group>"; };
		0A044B3B0FD32F07009B284F /* synced_queue.h */ = {isa = PBXFileReference; fileEncoding = 4; lastKnownFileType = sourcecode.c.h; path = synced_queue.h; sourceTree = "<group>"; };
		0A044B3D0FD32F13009B284F /* actors.h */ = {isa = PBXFileReference; fileEncoding = 4; indentWidth = 4; lastKnownFileType = sourcecode.c.h; path = actors.h; sourceTree = "<group>"; tabWidth = 4; };
		0A504B880FE06E7E00F3A3FE /* ParamTest.som */ = {isa = PBXFileReference; fileEncoding = 4; lastKnownFileType = text; path = ParamTest.som; sourceTree = "<group>"; };
		0A504F2F0FE4148100F3A3FE /* Serialization.cpp */ = {isa = PBXFileReference; fileEncoding = 4; lastKnownFileType = sourcecode.cpp.cpp; path = Serialization.cpp; sourceTree = "<group>"; };
		0A5051920FE47C6900F3A3FE /* misc.cpp */ = {isa = PBXFileReference; fileEncoding = 4; lastKnownFileType = sourcecode.cpp.cpp; path = misc.cpp; sourceTree = "<group>"; };
		0AA9E7720FD46E18001F2C47 /* Array.som */ = {isa = PBXFileReference; fileEncoding = 4; lastKnownFileType = text; path = Array.som; sourceTree = "<group>"; };
		0AA9E7730FD46E18001F2C47 /* BigInteger.som */ = {isa = PBXFileReference; fileEncoding = 4; lastKnownFileType = text; path = BigInteger.som; sourceTree = "<group>"; };
		0AA9E7740FD46E18001F2C47 /* Block.som */ = {isa = PBXFileReference; fileEncoding = 4; lastKnownFileType = text; path = Block.som; sourceTree = "<group>"; };
		0AA9E7750FD46E19001F2C47 /* Block1.som */ = {isa = PBXFileReference; fileEncoding = 4; lastKnownFileType = text; path = Block1.som; sourceTree = "<group>"; };
		0AA9E7760FD46E19001F2C47 /* Block2.som */ = {isa = PBXFileReference; fileEncoding = 4; lastKnownFileType = text; path = Block2.som; sourceTree = "<group>"; };
		0AA9E7770FD46E19001F2C47 /* Block3.som */ = {isa = PBXFileReference; fileEncoding = 4; lastKnownFileType = text; path = Block3.som; sourceTree = "<group>"; };
		0AA9E7780FD46E19001F2C47 /* Boolean.som */ = {isa = PBXFileReference; fileEncoding = 4; lastKnownFileType = text; path = Boolean.som; sourceTree = "<group>"; };
		0AA9E7790FD46E19001F2C47 /* Class.som */ = {isa = PBXFileReference; fileEncoding = 4; lastKnownFileType = text; path = Class.som; sourceTree = "<group>"; };
		0AA9E77A0FD46E19001F2C47 /* Dictionary.som */ = {isa = PBXFileReference; fileEncoding = 4; lastKnownFileType = text; path = Dictionary.som; sourceTree = "<group>"; };
		0AA9E77B0FD46E19001F2C47 /* Double.som */ = {isa = PBXFileReference; fileEncoding = 4; lastKnownFileType = text; path = Double.som; sourceTree = "<group>"; };
		0AA9E77C0FD46E19001F2C47 /* False.som */ = {isa = PBXFileReference; fileEncoding = 4; lastKnownFileType = text; path = False.som; sourceTree = "<group>"; };
		0AA9E77D0FD46E19001F2C47 /* Frame.som */ = {isa = PBXFileReference; fileEncoding = 4; lastKnownFileType = text; path = Frame.som; sourceTree = "<group>"; };
		0AA9E77E0FD46E19001F2C47 /* HashEntry.som */ = {isa = PBXFileReference; fileEncoding = 4; lastKnownFileType = text; path = HashEntry.som; sourceTree = "<group>"; };
		0AA9E77F0FD46E19001F2C47 /* Hashtable.som */ = {isa = PBXFileReference; fileEncoding = 4; lastKnownFileType = text; path = Hashtable.som; sourceTree = "<group>"; };
		0AA9E7800FD46E19001F2C47 /* Integer.som */ = {isa = PBXFileReference; fileEncoding = 4; lastKnownFileType = text; path = Integer.som; sourceTree = "<group>"; };
		0AA9E7810FD46E19001F2C47 /* Metaclass.som */ = {isa = PBXFileReference; fileEncoding = 4; lastKnownFileType = text; path = Metaclass.som; sourceTree = "<group>"; };
		0AA9E7820FD46E19001F2C47 /* Method.som */ = {isa = PBXFileReference; fileEncoding = 4; lastKnownFileType = text; path = Method.som; sourceTree = "<group>"; };
		0AA9E7830FD46E19001F2C47 /* Nil.som */ = {isa = PBXFileReference; fileEncoding = 4; lastKnownFileType = text; path = Nil.som; sourceTree = "<group>"; };
		0AA9E7840FD46E19001F2C47 /* Object.som */ = {isa = PBXFileReference; fileEncoding = 4; lastKnownFileType = text; path = Object.som; sourceTree = "<group>"; };
		0AA9E7850FD46E19001F2C47 /* Pair.som */ = {isa = PBXFileReference; fileEncoding = 4; lastKnownFileType = text; path = Pair.som; sourceTree = "<group>"; };
		0AA9E7860FD46E19001F2C47 /* Primitive.som */ = {isa = PBXFileReference; fileEncoding = 4; lastKnownFileType = text; path = Primitive.som; sourceTree = "<group>"; };
		0AA9E7870FD46E19001F2C47 /* Set.som */ = {isa = PBXFileReference; fileEncoding = 4; lastKnownFileType = text; path = Set.som; sourceTree = "<group>"; };
		0AA9E7890FD46E19001F2C47 /* String.som */ = {isa = PBXFileReference; fileEncoding = 4; lastKnownFileType = text; path = String.som; sourceTree = "<group>"; };
		0AA9E78A0FD46E19001F2C47 /* Symbol.som */ = {isa = PBXFileReference; fileEncoding = 4; lastKnownFileType = text; path = Symbol.som; sourceTree = "<group>"; };
		0AA9E78B0FD46E19001F2C47 /* System.som */ = {isa = PBXFileReference; fileEncoding = 4; lastKnownFileType = text; path = System.som; sourceTree = "<group>"; };
		0AA9E78C0FD46E19001F2C47 /* Test.som */ = {isa = PBXFileReference; fileEncoding = 4; lastKnownFileType = text; path = Test.som; sourceTree = "<group>"; };
		0AA9E78D0FD46E19001F2C47 /* True.som */ = {isa = PBXFileReference; fileEncoding = 4; lastKnownFileType = text; path = True.som; sourceTree = "<group>"; };
		0AA9E78E0FD46E19001F2C47 /* Vector.som */ = {isa = PBXFileReference; fileEncoding = 4; lastKnownFileType = text; path = Vector.som; sourceTree = "<group>"; };
		0AA9E7910FD46E33001F2C47 /* All.som */ = {isa = PBXFileReference; fileEncoding = 4; lastKnownFileType = text; path = All.som; sourceTree = "<group>"; };
		0AA9E7920FD46E33001F2C47 /* Ball.som */ = {isa = PBXFileReference; fileEncoding = 4; lastKnownFileType = text; path = Ball.som; sourceTree = "<group>"; };
		0AA9E7930FD46E33001F2C47 /* Benchmark.som */ = {isa = PBXFileReference; fileEncoding = 4; lastKnownFileType = text; path = Benchmark.som; sourceTree = "<group>"; };
		0AA9E7940FD46E33001F2C47 /* Bounce.som */ = {isa = PBXFileReference; fileEncoding = 4; lastKnownFileType = text; path = Bounce.som; sourceTree = "<group>"; };
		0AA9E7950FD46E33001F2C47 /* BubbleSort.som */ = {isa = PBXFileReference; fileEncoding = 4; lastKnownFileType = text; path = BubbleSort.som; sourceTree = "<group>"; };
		0AA9E7960FD46E33001F2C47 /* Dispatch.som */ = {isa = PBXFileReference; fileEncoding = 4; lastKnownFileType = text; path = Dispatch.som; sourceTree = "<group>"; };
		0AA9E7970FD46E33001F2C47 /* Fibonacci.som */ = {isa = PBXFileReference; fileEncoding = 4; lastKnownFileType = text; path = Fibonacci.som; sourceTree = "<group>"; };
		0AA9E7980FD46E33001F2C47 /* IntegerLoop.som */ = {isa = PBXFileReference; fileEncoding = 4; lastKnownFileType = text; path = IntegerLoop.som; sourceTree = "<group>"; };
		0AA9E7990FD46E33001F2C47 /* List.som */ = {isa = PBXFileReference; fileEncoding = 4; lastKnownFileType = text; path = List.som; sourceTree = "<group>"; };
		0AA9E79A0FD46E33001F2C47 /* ListElement.som */ = {isa = PBXFileReference; fileEncoding = 4; lastKnownFileType = text; path = ListElement.som; sourceTree = "<group>"; };
		0AA9E79B0FD46E33001F2C47 /* Loop.som */ = {isa = PBXFileReference; fileEncoding = 4; lastKnownFileType = text; path = Loop.som; sourceTree = "<group>"; };
		0AA9E79C0FD46E33001F2C47 /* Permute.som */ = {isa = PBXFileReference; fileEncoding = 4; lastKnownFileType = text; path = Permute.som; sourceTree = "<group>"; };
		0AA9E79D0FD46E33001F2C47 /* Queens.som */ = {isa = PBXFileReference; fileEncoding = 4; lastKnownFileType = text; path = Queens.som; sourceTree = "<group>"; };
		0AA9E79E0FD46E33001F2C47 /* QuickSort.som */ = {isa = PBXFileReference; fileEncoding = 4; lastKnownFileType = text; path = QuickSort.som; sourceTree = "<group>"; };
		0AA9E79F0FD46E33001F2C47 /* Random.som */ = {isa = PBXFileReference; fileEncoding = 4; lastKnownFileType = text; path = Random.som; sourceTree = "<group>"; };
		0AA9E7A00FD46E33001F2C47 /* Recurse.som */ = {isa = PBXFileReference; fileEncoding = 4; lastKnownFileType = text; path = Recurse.som; sourceTree = "<group>"; };
		0AA9E7A10FD46E33001F2C47 /* Sieve.som */ = {isa = PBXFileReference; fileEncoding = 4; lastKnownFileType = text; path = Sieve.som; sourceTree = "<group>"; };
		0AA9E7A20FD46E33001F2C47 /* Sort.som */ = {isa = PBXFileReference; fileEncoding = 4; lastKnownFileType = text; path = Sort.som; sourceTree = "<group>"; };
		0AA9E7A30FD46E33001F2C47 /* Storage.som */ = {isa = PBXFileReference; fileEncoding = 4; lastKnownFileType = text; path = Storage.som; sourceTree = "<group>"; };
		0AA9E7A40FD46E33001F2C47 /* Sum.som */ = {isa = PBXFileReference; fileEncoding = 4; lastKnownFileType = text; path = Sum.som; sourceTree = "<group>"; };
		0AA9E7A50FD46E33001F2C47 /* Towers.som */ = {isa = PBXFileReference; fileEncoding = 4; lastKnownFileType = text; path = Towers.som; sourceTree = "<group>"; };
		0AA9E7A60FD46E33001F2C47 /* TowersDisk.som */ = {isa = PBXFileReference; fileEncoding = 4; lastKnownFileType = text; path = TowersDisk.som; sourceTree = "<group>"; };
		0AA9E7A70FD46E33001F2C47 /* TreeNode.som */ = {isa = PBXFileReference; fileEncoding = 4; lastKnownFileType = text; path = TreeNode.som; sourceTree = "<group>"; };
		0AA9E7A80FD46E33001F2C47 /* TreeSort.som */ = {isa = PBXFileReference; fileEncoding = 4; lastKnownFileType = text; path = TreeSort.som; sourceTree = "<group>"; };
		0AA9E7AA0FD46E33001F2C47 /* Echo.som */ = {isa = PBXFileReference; fileEncoding = 4; lastKnownFileType = text; path = Echo.som; sourceTree = "<group>"; };
		0AA9E7AC0FD46E33001F2C47 /* Hello.som */ = {isa = PBXFileReference; fileEncoding = 4; lastKnownFileType = text; path = Hello.som; sourceTree = "<group>"; };
		0AA9E7AE0FD46E33001F2C47 /* Apple.som */ = {isa = PBXFileReference; fileEncoding = 4; lastKnownFileType = text; path = Apple.som; sourceTree = "<group>"; };
		0AA9E7AF0FD46E33001F2C47 /* Board.som */ = {isa = PBXFileReference; fileEncoding = 4; lastKnownFileType = text; path = Board.som; sourceTree = "<group>"; };
		0AA9E7B00FD46E33001F2C47 /* BoardView.som */ = {isa = PBXFileReference; fileEncoding = 4; lastKnownFileType = text; path = BoardView.som; sourceTree = "<group>"; };
		0AA9E7B10FD46E33001F2C47 /* Core.cpp */ = {isa = PBXFileReference; fileEncoding = 4; lastKnownFileType = sourcecode.cpp.cpp; path = Core.cpp; sourceTree = "<group>"; };
		0AA9E7B20FD46E33001F2C47 /* Element.som */ = {isa = PBXFileReference; fileEncoding = 4; lastKnownFileType = text; path = Element.som; sourceTree = "<group>"; };
		0AA9E7B30FD46E33001F2C47 /* Main.som */ = {isa = PBXFileReference; fileEncoding = 4; lastKnownFileType = text; path = Main.som; sourceTree = "<group>"; };
		0AA9E7B40FD46E33001F2C47 /* Makefile */ = {isa = PBXFileReference; fileEncoding = 4; lastKnownFileType = sourcecode.make; path = Makefile; sourceTree = "<group>"; };
		0AA9E7B50FD46E33001F2C47 /* Snake.som */ = {isa = PBXFileReference; fileEncoding = 4; lastKnownFileType = text; path = Snake.som; sourceTree = "<group>"; };
		0AA9E7B60FD46E33001F2C47 /* SnakeElement.som */ = {isa = PBXFileReference; fileEncoding = 4; lastKnownFileType = text; path = SnakeElement.som; sourceTree = "<group>"; };
		0AA9E7B70FD46E33001F2C47 /* Terminal.cpp */ = {isa = PBXFileReference; fileEncoding = 4; lastKnownFileType = sourcecode.cpp.cpp; path = Terminal.cpp; sourceTree = "<group>"; };
		0AA9E7B80FD46E33001F2C47 /* Terminal.h */ = {isa = PBXFileReference; fileEncoding = 4; lastKnownFileType = sourcecode.c.h; path = Terminal.h; sourceTree = "<group>"; };
		0AA9E7B90FD46E33001F2C47 /* Terminal.som */ = {isa = PBXFileReference; fileEncoding = 4; lastKnownFileType = text; path = Terminal.som; sourceTree = "<group>"; };
		0AA9E7BB0FD46E33001F2C47 /* StringTest.som */ = {isa = PBXFileReference; fileEncoding = 4; lastKnownFileType = text; path = StringTest.som; sourceTree = "<group>"; };
		0AA9E7C90FD47034001F2C47 /* HelloWorld.som */ = {isa = PBXFileReference; fileEncoding = 4; lastKnownFileType = text; path = HelloWorld.som; sourceTree = "<group>"; };
		0AA9E7CB0FD47034001F2C47 /* Counter.som */ = {isa = PBXFileReference; fileEncoding = 4; indentWidth = 4; lastKnownFileType = text; path = Counter.som; sourceTree = "<group>"; tabWidth = 4; };
		0AA9E7CC0FD47034001F2C47 /* Incrementor.som */ = {isa = PBXFileReference; fileEncoding = 4; indentWidth = 4; lastKnownFileType = text; path = Incrementor.som; sourceTree = "<group>"; tabWidth = 4; };
		0AA9E7CD0FD47034001F2C47 /* Main.som */ = {isa = PBXFileReference; fileEncoding = 4; indentWidth = 4; lastKnownFileType = text; path = Main.som; sourceTree = "<group>"; tabWidth = 4; };
		0AA9E7CF0FD47034001F2C47 /* Counter.som */ = {isa = PBXFileReference; fileEncoding = 4; lastKnownFileType = text; path = Counter.som; sourceTree = "<group>"; };
		0AA9E7D00FD47034001F2C47 /* Main.som */ = {isa = PBXFileReference; fileEncoding = 4; lastKnownFileType = text; path = Main.som; sourceTree = "<group>"; };
		0AA9E8850FD488D2001F2C47 /* GlobalObjectId.h */ = {isa = PBXFileReference; fileEncoding = 4; lastKnownFileType = sourcecode.c.h; path = GlobalObjectId.h; sourceTree = "<group>"; };
		0AA9E88B0FD51435001F2C47 /* ActorMessaging.h */ = {isa = PBXFileReference; fileEncoding = 4; indentWidth = 4; lastKnownFileType = sourcecode.c.h; path = ActorMessaging.h; sourceTree = "<group>"; tabWidth = 4; };
		0AA9E88C0FD51435001F2C47 /* ActorMessaging.cpp */ = {isa = PBXFileReference; fileEncoding = 4; indentWidth = 4; lastKnownFileType = sourcecode.cpp.cpp; path = ActorMessaging.cpp; sourceTree = "<group>"; tabWidth = 4; };
		0AA9EE680FD702CF001F2C47 /* VMPointer.cpp */ = {isa = PBXFileReference; fileEncoding = 4; lastKnownFileType = sourcecode.cpp.cpp; path = VMPointer.cpp; sourceTree = "<group>"; };
		0AA9EF2A0FD71DB3001F2C47 /* main.cpp */ = {isa = PBXFileReference; fileEncoding = 4; lastKnownFileType = sourcecode.cpp.cpp; path = main.cpp; sourceTree = "<group>"; };
		0AA9EFBF0FD91C57001F2C47 /* VMRemoteObject.h */ = {isa = PBXFileReference; fileEncoding = 4; lastKnownFileType = sourcecode.c.h; path = VMRemoteObject.h; sourceTree = "<group>"; };
		0AA9EFC00FD91C57001F2C47 /* VMRemoteObject.cpp */ = {isa = PBXFileReference; fileEncoding = 4; lastKnownFileType = sourcecode.cpp.cpp; path = VMRemoteObject.cpp; sourceTree = "<group>"; };
		0AA9EFD40FD93783001F2C47 /* std_map.cpp */ = {isa = PBXFileReference; fileEncoding = 4; lastKnownFileType = sourcecode.cpp.cpp; path = std_map.cpp; sourceTree = "<group>"; };
		0AA9EFE90FD938F1001F2C47 /* RemoteObjectManager.h */ = {isa = PBXFileReference; fileEncoding = 4; indentWidth = 4; lastKnownFileType = sourcecode.c.h; path = RemoteObjectManager.h; sourceTree = "<group>"; tabWidth = 4; };
		0AA9EFEA0FD938F1001F2C47 /* RemoteObjectManager.cpp */ = {isa = PBXFileReference; fileEncoding = 4; indentWidth = 4; lastKnownFileType = sourcecode.cpp.cpp; path = RemoteObjectManager.cpp; sourceTree = "<group>"; tabWidth = 4; };
		0AA9F0D20FD9A77E001F2C47 /* messages.h */ = {isa = PBXFileReference; fileEncoding = 4; indentWidth = 4; lastKnownFileType = sourcecode.c.h; path = messages.h; sourceTree = "<group>"; tabWidth = 4; };
		0AA9F0E80FD9BC93001F2C47 /* messages.cpp */ = {isa = PBXFileReference; fileEncoding = 4; indentWidth = 4; lastKnownFileType = sourcecode.cpp.cpp; path = messages.cpp; sourceTree = "<group>"; tabWidth = 4; };
		0AA9F17D0FDA6271001F2C47 /* Actor.som */ = {isa = PBXFileReference; fileEncoding = 4; indentWidth = 4; lastKnownFileType = text; path = Actor.som; sourceTree = "<group>"; tabWidth = 4; };
		0AA9F17E0FDABF77001F2C47 /* MainWOOM.som */ = {isa = PBXFileReference; fileEncoding = 4; indentWidth = 4; lastKnownFileType = text; path = MainWOOM.som; sourceTree = "<group>"; tabWidth = 4; };
		0AA9F1D20FDACAE6001F2C47 /* Actor.h */ = {isa = PBXFileReference; fileEncoding = 4; lastKnownFileType = sourcecode.c.h; path = Actor.h; sourceTree = "<group>"; };
		0AA9F1D30FDACAE6001F2C47 /* Actor.cpp */ = {isa = PBXFileReference; fileEncoding = 4; lastKnownFileType = sourcecode.cpp.cpp; path = Actor.cpp; sourceTree = "<group>"; };
		349F277B0FC5B3FF00BD0A41 /* VMPointer.cpp */ = {isa = PBXFileReference; fileEncoding = 4; indentWidth = 4; lastKnownFileType = sourcecode.cpp.cpp; path = VMPointer.cpp; sourceTree = "<group>"; tabWidth = 4; usesTabs = 0; };
		34FB20870FAC73020009EE70 /* VMPointer.h */ = {isa = PBXFileReference; fileEncoding = 4; indentWidth = 4; lastKnownFileType = sourcecode.c.h; path = VMPointer.h; sourceTree = "<group>"; tabWidth = 4; usesTabs = 0; };
		34FB20880FAC73020009EE70 /* VMPointerConverter.h */ = {isa = PBXFileReference; fileEncoding = 4; indentWidth = 4; lastKnownFileType = sourcecode.c.h; path = VMPointerConverter.h; sourceTree = "<group>"; tabWidth = 4; usesTabs = 0; };
		34FB20BE0FAC98430009EE70 /* ObjectTable.h */ = {isa = PBXFileReference; fileEncoding = 4; indentWidth = 4; lastKnownFileType = sourcecode.c.h; path = ObjectTable.h; sourceTree = "<group>"; tabWidth = 4; usesTabs = 0; };
		34FB20BF0FAC98430009EE70 /* ObjectTable.cpp */ = {isa = PBXFileReference; fileEncoding = 4; indentWidth = 4; lastKnownFileType = sourcecode.cpp.cpp; path = ObjectTable.cpp; sourceTree = "<group>"; tabWidth = 4; usesTabs = 0; };
		3F5202940FA6624C00E75857 /* Darwin.make */ = {isa = PBXFileReference; explicitFileType = sourcecode.make; fileEncoding = 4; indentWidth = 4; path = Darwin.make; sourceTree = "<group>"; tabWidth = 4; usesTabs = 0; };
		3F5202950FA6624C00E75857 /* Linux.make */ = {isa = PBXFileReference; explicitFileType = sourcecode.make; fileEncoding = 4; indentWidth = 4; path = Linux.make; sourceTree = "<group>"; tabWidth = 4; usesTabs = 0; };
		3F5202A40FA6624C00E75857 /* windows.make */ = {isa = PBXFileReference; explicitFileType = sourcecode.make; fileEncoding = 4; indentWidth = 4; path = windows.make; sourceTree = "<group>"; tabWidth = 4; usesTabs = 0; };
		3F5202F10FA6624C00E75857 /* BytecodeGenerator.cpp */ = {isa = PBXFileReference; fileEncoding = 4; indentWidth = 4; lastKnownFileType = sourcecode.cpp.cpp; path = BytecodeGenerator.cpp; sourceTree = "<group>"; tabWidth = 4; usesTabs = 0; };
		3F5202F20FA6624C00E75857 /* BytecodeGenerator.h */ = {isa = PBXFileReference; fileEncoding = 4; indentWidth = 4; lastKnownFileType = sourcecode.c.h; path = BytecodeGenerator.h; sourceTree = "<group>"; tabWidth = 4; usesTabs = 0; };
		3F5202F30FA6624C00E75857 /* ClassGenerationContext.cpp */ = {isa = PBXFileReference; fileEncoding = 4; indentWidth = 4; lastKnownFileType = sourcecode.cpp.cpp; path = ClassGenerationContext.cpp; sourceTree = "<group>"; tabWidth = 4; usesTabs = 0; };
		3F5202F40FA6624C00E75857 /* ClassGenerationContext.h */ = {isa = PBXFileReference; fileEncoding = 4; indentWidth = 4; lastKnownFileType = sourcecode.c.h; path = ClassGenerationContext.h; sourceTree = "<group>"; tabWidth = 4; usesTabs = 0; };
		3F5202F50FA6624C00E75857 /* Disassembler.cpp */ = {isa = PBXFileReference; fileEncoding = 4; indentWidth = 4; lastKnownFileType = sourcecode.cpp.cpp; path = Disassembler.cpp; sourceTree = "<group>"; tabWidth = 4; usesTabs = 0; };
		3F5202F60FA6624C00E75857 /* Disassembler.h */ = {isa = PBXFileReference; fileEncoding = 4; indentWidth = 4; lastKnownFileType = sourcecode.c.h; path = Disassembler.h; sourceTree = "<group>"; tabWidth = 4; usesTabs = 0; };
		3F5202F70FA6624C00E75857 /* Lexer.cpp */ = {isa = PBXFileReference; fileEncoding = 4; indentWidth = 4; lastKnownFileType = sourcecode.cpp.cpp; path = Lexer.cpp; sourceTree = "<group>"; tabWidth = 4; usesTabs = 0; };
		3F5202F80FA6624C00E75857 /* Lexer.h */ = {isa = PBXFileReference; fileEncoding = 4; indentWidth = 4; lastKnownFileType = sourcecode.c.h; path = Lexer.h; sourceTree = "<group>"; tabWidth = 4; usesTabs = 0; };
		3F5202F90FA6624C00E75857 /* MethodGenerationContext.cpp */ = {isa = PBXFileReference; fileEncoding = 4; indentWidth = 4; lastKnownFileType = sourcecode.cpp.cpp; path = MethodGenerationContext.cpp; sourceTree = "<group>"; tabWidth = 4; usesTabs = 0; };
		3F5202FA0FA6624C00E75857 /* MethodGenerationContext.h */ = {isa = PBXFileReference; fileEncoding = 4; indentWidth = 4; lastKnownFileType = sourcecode.c.h; path = MethodGenerationContext.h; sourceTree = "<group>"; tabWidth = 4; usesTabs = 0; };
		3F5202FB0FA6624C00E75857 /* Parser.cpp */ = {isa = PBXFileReference; fileEncoding = 4; indentWidth = 4; lastKnownFileType = sourcecode.cpp.cpp; path = Parser.cpp; sourceTree = "<group>"; tabWidth = 4; usesTabs = 0; };
		3F5202FC0FA6624C00E75857 /* Parser.h */ = {isa = PBXFileReference; fileEncoding = 4; indentWidth = 4; lastKnownFileType = sourcecode.c.h; path = Parser.h; sourceTree = "<group>"; tabWidth = 4; usesTabs = 0; };
		3F5202FD0FA6624C00E75857 /* SourcecodeCompiler.cpp */ = {isa = PBXFileReference; fileEncoding = 4; indentWidth = 4; lastKnownFileType = sourcecode.cpp.cpp; path = SourcecodeCompiler.cpp; sourceTree = "<group>"; tabWidth = 4; usesTabs = 0; };
		3F5202FE0FA6624C00E75857 /* SourcecodeCompiler.h */ = {isa = PBXFileReference; fileEncoding = 4; indentWidth = 4; lastKnownFileType = sourcecode.c.h; path = SourcecodeCompiler.h; sourceTree = "<group>"; tabWidth = 4; usesTabs = 0; };
		3F5203010FA6624C00E75857 /* bytecodes.cpp */ = {isa = PBXFileReference; fileEncoding = 4; indentWidth = 4; lastKnownFileType = sourcecode.cpp.cpp; path = bytecodes.cpp; sourceTree = "<group>"; tabWidth = 4; usesTabs = 0; };
		3F5203020FA6624C00E75857 /* bytecodes.h */ = {isa = PBXFileReference; fileEncoding = 4; indentWidth = 4; lastKnownFileType = sourcecode.c.h; path = bytecodes.h; sourceTree = "<group>"; tabWidth = 4; usesTabs = 0; };
		3F5203030FA6624C00E75857 /* Interpreter.cpp */ = {isa = PBXFileReference; fileEncoding = 4; indentWidth = 4; lastKnownFileType = sourcecode.cpp.cpp; path = Interpreter.cpp; sourceTree = "<group>"; tabWidth = 4; usesTabs = 0; };
		3F5203040FA6624C00E75857 /* Interpreter.h */ = {isa = PBXFileReference; fileEncoding = 4; indentWidth = 4; lastKnownFileType = sourcecode.c.h; path = Interpreter.h; sourceTree = "<group>"; tabWidth = 4; usesTabs = 0; };
		3F5203050FA6624C00E75857 /* Main.cpp */ = {isa = PBXFileReference; fileEncoding = 4; indentWidth = 4; lastKnownFileType = sourcecode.cpp.cpp; path = Main.cpp; sourceTree = "<group>"; tabWidth = 4; usesTabs = 0; };
		3F5203070FA6624C00E75857 /* GarbageCollector.cpp */ = {isa = PBXFileReference; fileEncoding = 4; indentWidth = 4; lastKnownFileType = sourcecode.cpp.cpp; path = GarbageCollector.cpp; sourceTree = "<group>"; tabWidth = 4; usesTabs = 0; };
		3F5203080FA6624C00E75857 /* GarbageCollector.h */ = {isa = PBXFileReference; fileEncoding = 4; indentWidth = 4; lastKnownFileType = sourcecode.c.h; path = GarbageCollector.h; sourceTree = "<group>"; tabWidth = 4; usesTabs = 0; };
		3F5203090FA6624C00E75857 /* Heap.cpp */ = {isa = PBXFileReference; fileEncoding = 4; indentWidth = 4; lastKnownFileType = sourcecode.cpp.cpp; path = Heap.cpp; sourceTree = "<group>"; tabWidth = 4; usesTabs = 0; };
		3F52030A0FA6624C00E75857 /* Heap.h */ = {isa = PBXFileReference; fileEncoding = 4; indentWidth = 4; lastKnownFileType = sourcecode.c.h; path = Heap.h; sourceTree = "<group>"; tabWidth = 4; usesTabs = 0; };
		3F52030C0FA6624C00E75857 /* debug.h */ = {isa = PBXFileReference; fileEncoding = 4; indentWidth = 4; lastKnownFileType = sourcecode.c.h; path = debug.h; sourceTree = "<group>"; tabWidth = 4; usesTabs = 0; };
		3F52030D0FA6624C00E75857 /* defs.h */ = {isa = PBXFileReference; fileEncoding = 4; indentWidth = 4; lastKnownFileType = sourcecode.c.h; path = defs.h; sourceTree = "<group>"; tabWidth = 4; usesTabs = 0; };
		3F52030E0FA6624C00E75857 /* ExtendedList.h */ = {isa = PBXFileReference; fileEncoding = 4; indentWidth = 4; lastKnownFileType = sourcecode.c.h; path = ExtendedList.h; sourceTree = "<group>"; tabWidth = 4; usesTabs = 0; };
		3F52030F0FA6624C00E75857 /* gettimeofday.h */ = {isa = PBXFileReference; fileEncoding = 4; indentWidth = 4; lastKnownFileType = sourcecode.c.h; path = gettimeofday.h; sourceTree = "<group>"; tabWidth = 4; usesTabs = 0; };
		3F5203120FA6624C00E75857 /* Array.cpp */ = {isa = PBXFileReference; fileEncoding = 4; indentWidth = 4; lastKnownFileType = sourcecode.cpp.cpp; path = Array.cpp; sourceTree = "<group>"; tabWidth = 4; usesTabs = 0; };
		3F5203130FA6624C00E75857 /* Array.h */ = {isa = PBXFileReference; fileEncoding = 4; indentWidth = 4; lastKnownFileType = sourcecode.c.h; path = Array.h; sourceTree = "<group>"; tabWidth = 4; usesTabs = 0; };
		3F5203140FA6624C00E75857 /* BigInteger.cpp */ = {isa = PBXFileReference; fileEncoding = 4; indentWidth = 4; lastKnownFileType = sourcecode.cpp.cpp; path = BigInteger.cpp; sourceTree = "<group>"; tabWidth = 4; usesTabs = 0; };
		3F5203150FA6624C00E75857 /* BigInteger.h */ = {isa = PBXFileReference; fileEncoding = 4; indentWidth = 4; lastKnownFileType = sourcecode.c.h; path = BigInteger.h; sourceTree = "<group>"; tabWidth = 4; usesTabs = 0; };
		3F5203160FA6624C00E75857 /* Block.cpp */ = {isa = PBXFileReference; fileEncoding = 4; indentWidth = 4; lastKnownFileType = sourcecode.cpp.cpp; path = Block.cpp; sourceTree = "<group>"; tabWidth = 4; usesTabs = 0; };
		3F5203170FA6624C00E75857 /* Block.h */ = {isa = PBXFileReference; fileEncoding = 4; indentWidth = 4; lastKnownFileType = sourcecode.c.h; path = Block.h; sourceTree = "<group>"; tabWidth = 4; usesTabs = 0; };
		3F5203180FA6624C00E75857 /* Class.cpp */ = {isa = PBXFileReference; fileEncoding = 4; indentWidth = 4; lastKnownFileType = sourcecode.cpp.cpp; path = Class.cpp; sourceTree = "<group>"; tabWidth = 4; usesTabs = 0; };
		3F5203190FA6624C00E75857 /* Class.h */ = {isa = PBXFileReference; fileEncoding = 4; indentWidth = 4; lastKnownFileType = sourcecode.c.h; path = Class.h; sourceTree = "<group>"; tabWidth = 4; usesTabs = 0; };
		3F52031A0FA6624C00E75857 /* Core.cpp */ = {isa = PBXFileReference; fileEncoding = 4; indentWidth = 4; lastKnownFileType = sourcecode.cpp.cpp; path = Core.cpp; sourceTree = "<group>"; tabWidth = 4; usesTabs = 0; };
		3F52031B0FA6624C00E75857 /* Core.h */ = {isa = PBXFileReference; fileEncoding = 4; indentWidth = 4; lastKnownFileType = sourcecode.c.h; path = Core.h; sourceTree = "<group>"; tabWidth = 4; usesTabs = 0; };
		3F52031C0FA6624C00E75857 /* Double.cpp */ = {isa = PBXFileReference; fileEncoding = 4; indentWidth = 4; lastKnownFileType = sourcecode.cpp.cpp; path = Double.cpp; sourceTree = "<group>"; tabWidth = 4; usesTabs = 0; };
		3F52031D0FA6624C00E75857 /* Double.h */ = {isa = PBXFileReference; fileEncoding = 4; indentWidth = 4; lastKnownFileType = sourcecode.c.h; path = Double.h; sourceTree = "<group>"; tabWidth = 4; usesTabs = 0; };
		3F52031E0FA6624C00E75857 /* Integer.cpp */ = {isa = PBXFileReference; fileEncoding = 4; indentWidth = 4; lastKnownFileType = sourcecode.cpp.cpp; path = Integer.cpp; sourceTree = "<group>"; tabWidth = 4; usesTabs = 0; };
		3F52031F0FA6624C00E75857 /* Integer.h */ = {isa = PBXFileReference; fileEncoding = 4; indentWidth = 4; lastKnownFileType = sourcecode.c.h; path = Integer.h; sourceTree = "<group>"; tabWidth = 4; usesTabs = 0; };
		3F5203200FA6624C00E75857 /* Object.cpp */ = {isa = PBXFileReference; fileEncoding = 4; indentWidth = 4; lastKnownFileType = sourcecode.cpp.cpp; path = Object.cpp; sourceTree = "<group>"; tabWidth = 4; usesTabs = 0; };
		3F5203210FA6624C00E75857 /* Object.h */ = {isa = PBXFileReference; fileEncoding = 4; indentWidth = 4; lastKnownFileType = sourcecode.c.h; path = Object.h; sourceTree = "<group>"; tabWidth = 4; usesTabs = 0; };
		3F5203220FA6624C00E75857 /* String.cpp */ = {isa = PBXFileReference; fileEncoding = 4; indentWidth = 4; lastKnownFileType = sourcecode.cpp.cpp; path = String.cpp; sourceTree = "<group>"; tabWidth = 4; usesTabs = 0; };
		3F5203230FA6624C00E75857 /* String.h */ = {isa = PBXFileReference; fileEncoding = 4; indentWidth = 4; lastKnownFileType = sourcecode.c.h; path = String.h; sourceTree = "<group>"; tabWidth = 4; usesTabs = 0; };
		3F5203240FA6624C00E75857 /* Symbol.cpp */ = {isa = PBXFileReference; fileEncoding = 4; indentWidth = 4; lastKnownFileType = sourcecode.cpp.cpp; path = Symbol.cpp; sourceTree = "<group>"; tabWidth = 4; usesTabs = 0; };
		3F5203250FA6624C00E75857 /* Symbol.h */ = {isa = PBXFileReference; fileEncoding = 4; indentWidth = 4; lastKnownFileType = sourcecode.c.h; path = Symbol.h; sourceTree = "<group>"; tabWidth = 4; usesTabs = 0; };
		3F5203260FA6624C00E75857 /* System.cpp */ = {isa = PBXFileReference; fileEncoding = 4; indentWidth = 4; lastKnownFileType = sourcecode.cpp.cpp; path = System.cpp; sourceTree = "<group>"; tabWidth = 4; usesTabs = 0; };
		3F5203270FA6624C00E75857 /* System.h */ = {isa = PBXFileReference; fileEncoding = 4; indentWidth = 4; lastKnownFileType = sourcecode.c.h; path = System.h; sourceTree = "<group>"; tabWidth = 4; usesTabs = 0; };
		3F5203290FA6624C00E75857 /* PrimitiveContainer.cpp */ = {isa = PBXFileReference; fileEncoding = 4; indentWidth = 4; lastKnownFileType = sourcecode.cpp.cpp; path = PrimitiveContainer.cpp; sourceTree = "<group>"; tabWidth = 4; usesTabs = 0; };
		3F52032A0FA6624C00E75857 /* PrimitiveContainer.h */ = {isa = PBXFileReference; fileEncoding = 4; indentWidth = 4; lastKnownFileType = sourcecode.c.h; path = PrimitiveContainer.h; sourceTree = "<group>"; tabWidth = 4; usesTabs = 0; };
		3F52032B0FA6624C00E75857 /* PrimitiveLoader.cpp */ = {isa = PBXFileReference; fileEncoding = 4; indentWidth = 4; lastKnownFileType = sourcecode.cpp.cpp; path = PrimitiveLoader.cpp; sourceTree = "<group>"; tabWidth = 4; usesTabs = 0; };
		3F52032C0FA6624C00E75857 /* PrimitiveLoader.h */ = {isa = PBXFileReference; fileEncoding = 4; indentWidth = 4; lastKnownFileType = sourcecode.c.h; path = PrimitiveLoader.h; sourceTree = "<group>"; tabWidth = 4; usesTabs = 0; };
		3F52032D0FA6624C00E75857 /* resource.h */ = {isa = PBXFileReference; fileEncoding = 4; indentWidth = 4; lastKnownFileType = sourcecode.c.h; path = resource.h; sourceTree = "<group>"; tabWidth = 4; usesTabs = 0; };
		3F52032E0FA6624C00E75857 /* Routine.h */ = {isa = PBXFileReference; fileEncoding = 4; indentWidth = 4; lastKnownFileType = sourcecode.c.h; path = Routine.h; sourceTree = "<group>"; tabWidth = 4; usesTabs = 0; };
		3F5203300FA6624C00E75857 /* Shell.cpp */ = {isa = PBXFileReference; fileEncoding = 4; indentWidth = 4; lastKnownFileType = sourcecode.cpp.cpp; path = Shell.cpp; sourceTree = "<group>"; tabWidth = 4; usesTabs = 0; };
		3F5203310FA6624C00E75857 /* Shell.h */ = {isa = PBXFileReference; fileEncoding = 4; indentWidth = 4; lastKnownFileType = sourcecode.c.h; path = Shell.h; sourceTree = "<group>"; tabWidth = 4; usesTabs = 0; };
		3F5203320FA6624C00E75857 /* Universe.cpp */ = {isa = PBXFileReference; fileEncoding = 4; indentWidth = 4; lastKnownFileType = sourcecode.cpp.cpp; path = Universe.cpp; sourceTree = "<group>"; tabWidth = 4; usesTabs = 0; };
		3F5203330FA6624C00E75857 /* Universe.h */ = {isa = PBXFileReference; fileEncoding = 4; indentWidth = 4; lastKnownFileType = sourcecode.c.h; path = Universe.h; sourceTree = "<group>"; tabWidth = 4; usesTabs = 0; };
		3F5203350FA6624C00E75857 /* ObjectFormats.h */ = {isa = PBXFileReference; fileEncoding = 4; indentWidth = 4; lastKnownFileType = sourcecode.c.h; path = ObjectFormats.h; sourceTree = "<group>"; tabWidth = 4; usesTabs = 0; };
		3F5203360FA6624C00E75857 /* PrimitiveRoutine.h */ = {isa = PBXFileReference; fileEncoding = 4; indentWidth = 4; lastKnownFileType = sourcecode.c.h; path = PrimitiveRoutine.h; sourceTree = "<group>"; tabWidth = 4; usesTabs = 0; };
		3F5203370FA6624C00E75857 /* Signature.cpp */ = {isa = PBXFileReference; fileEncoding = 4; indentWidth = 4; lastKnownFileType = sourcecode.cpp.cpp; path = Signature.cpp; sourceTree = "<group>"; tabWidth = 4; usesTabs = 0; };
		3F5203380FA6624C00E75857 /* Signature.h */ = {isa = PBXFileReference; fileEncoding = 4; indentWidth = 4; lastKnownFileType = sourcecode.c.h; path = Signature.h; sourceTree = "<group>"; tabWidth = 4; usesTabs = 0; };
		3F5203390FA6624C00E75857 /* Symboltable.cpp */ = {isa = PBXFileReference; fileEncoding = 4; indentWidth = 4; lastKnownFileType = sourcecode.cpp.cpp; path = Symboltable.cpp; sourceTree = "<group>"; tabWidth = 4; usesTabs = 0; };
		3F52033A0FA6624C00E75857 /* Symboltable.h */ = {isa = PBXFileReference; fileEncoding = 4; indentWidth = 4; lastKnownFileType = sourcecode.c.h; path = Symboltable.h; sourceTree = "<group>"; tabWidth = 4; usesTabs = 0; };
		3F52033B0FA6624C00E75857 /* VMArray.cpp */ = {isa = PBXFileReference; fileEncoding = 4; indentWidth = 4; lastKnownFileType = sourcecode.cpp.cpp; path = VMArray.cpp; sourceTree = "<group>"; tabWidth = 4; usesTabs = 0; };
		3F52033C0FA6624C00E75857 /* VMArray.h */ = {isa = PBXFileReference; fileEncoding = 4; indentWidth = 4; lastKnownFileType = sourcecode.c.h; path = VMArray.h; sourceTree = "<group>"; tabWidth = 4; usesTabs = 0; };
		3F52033D0FA6624C00E75857 /* VMBigInteger.cpp */ = {isa = PBXFileReference; fileEncoding = 4; indentWidth = 4; lastKnownFileType = sourcecode.cpp.cpp; path = VMBigInteger.cpp; sourceTree = "<group>"; tabWidth = 4; usesTabs = 0; };
		3F52033E0FA6624C00E75857 /* VMBigInteger.h */ = {isa = PBXFileReference; fileEncoding = 4; indentWidth = 4; lastKnownFileType = sourcecode.c.h; path = VMBigInteger.h; sourceTree = "<group>"; tabWidth = 4; usesTabs = 0; };
		3F52033F0FA6624C00E75857 /* VMBlock.cpp */ = {isa = PBXFileReference; fileEncoding = 4; indentWidth = 4; lastKnownFileType = sourcecode.cpp.cpp; path = VMBlock.cpp; sourceTree = "<group>"; tabWidth = 4; usesTabs = 0; };
		3F5203400FA6624C00E75857 /* VMBlock.h */ = {isa = PBXFileReference; fileEncoding = 4; indentWidth = 4; lastKnownFileType = sourcecode.c.h; path = VMBlock.h; sourceTree = "<group>"; tabWidth = 4; usesTabs = 0; };
		3F5203410FA6624C00E75857 /* VMClass.cpp */ = {isa = PBXFileReference; fileEncoding = 4; indentWidth = 4; lastKnownFileType = sourcecode.cpp.cpp; path = VMClass.cpp; sourceTree = "<group>"; tabWidth = 4; usesTabs = 0; };
		3F5203420FA6624C00E75857 /* VMClass.h */ = {isa = PBXFileReference; fileEncoding = 4; indentWidth = 4; lastKnownFileType = sourcecode.c.h; path = VMClass.h; sourceTree = "<group>"; tabWidth = 4; usesTabs = 0; };
		3F5203430FA6624C00E75857 /* VMDouble.cpp */ = {isa = PBXFileReference; fileEncoding = 4; indentWidth = 4; lastKnownFileType = sourcecode.cpp.cpp; path = VMDouble.cpp; sourceTree = "<group>"; tabWidth = 4; usesTabs = 0; };
		3F5203440FA6624C00E75857 /* VMDouble.h */ = {isa = PBXFileReference; fileEncoding = 4; indentWidth = 4; lastKnownFileType = sourcecode.c.h; path = VMDouble.h; sourceTree = "<group>"; tabWidth = 4; usesTabs = 0; };
		3F5203450FA6624C00E75857 /* VMEvaluationPrimitive.cpp */ = {isa = PBXFileReference; fileEncoding = 4; indentWidth = 4; lastKnownFileType = sourcecode.cpp.cpp; path = VMEvaluationPrimitive.cpp; sourceTree = "<group>"; tabWidth = 4; usesTabs = 0; };
		3F5203460FA6624C00E75857 /* VMEvaluationPrimitive.h */ = {isa = PBXFileReference; fileEncoding = 4; indentWidth = 4; lastKnownFileType = sourcecode.c.h; path = VMEvaluationPrimitive.h; sourceTree = "<group>"; tabWidth = 4; usesTabs = 0; };
		3F5203470FA6624C00E75857 /* VMFrame.cpp */ = {isa = PBXFileReference; fileEncoding = 4; indentWidth = 4; lastKnownFileType = sourcecode.cpp.cpp; path = VMFrame.cpp; sourceTree = "<group>"; tabWidth = 4; usesTabs = 0; };
		3F5203480FA6624C00E75857 /* VMFrame.h */ = {isa = PBXFileReference; fileEncoding = 4; indentWidth = 4; lastKnownFileType = sourcecode.c.h; path = VMFrame.h; sourceTree = "<group>"; tabWidth = 4; usesTabs = 0; };
		3F5203490FA6624C00E75857 /* VMFreeObject.cpp */ = {isa = PBXFileReference; fileEncoding = 4; indentWidth = 4; lastKnownFileType = sourcecode.cpp.cpp; path = VMFreeObject.cpp; sourceTree = "<group>"; tabWidth = 4; usesTabs = 0; };
		3F52034A0FA6624C00E75857 /* VMFreeObject.h */ = {isa = PBXFileReference; fileEncoding = 4; indentWidth = 4; lastKnownFileType = sourcecode.c.h; path = VMFreeObject.h; sourceTree = "<group>"; tabWidth = 4; usesTabs = 0; };
		3F52034B0FA6624C00E75857 /* VMInteger.cpp */ = {isa = PBXFileReference; fileEncoding = 4; indentWidth = 4; lastKnownFileType = sourcecode.cpp.cpp; path = VMInteger.cpp; sourceTree = "<group>"; tabWidth = 4; usesTabs = 0; };
		3F52034C0FA6624C00E75857 /* VMInteger.h */ = {isa = PBXFileReference; fileEncoding = 4; indentWidth = 4; lastKnownFileType = sourcecode.c.h; path = VMInteger.h; sourceTree = "<group>"; tabWidth = 4; usesTabs = 0; };
		3F52034D0FA6624C00E75857 /* VMInvokable.cpp */ = {isa = PBXFileReference; fileEncoding = 4; indentWidth = 4; lastKnownFileType = sourcecode.cpp.cpp; path = VMInvokable.cpp; sourceTree = "<group>"; tabWidth = 4; usesTabs = 0; };
		3F52034E0FA6624C00E75857 /* VMInvokable.h */ = {isa = PBXFileReference; fileEncoding = 4; indentWidth = 4; lastKnownFileType = sourcecode.c.h; path = VMInvokable.h; sourceTree = "<group>"; tabWidth = 4; usesTabs = 0; };
		3F52034F0FA6624C00E75857 /* VMMethod.cpp */ = {isa = PBXFileReference; fileEncoding = 4; indentWidth = 4; lastKnownFileType = sourcecode.cpp.cpp; path = VMMethod.cpp; sourceTree = "<group>"; tabWidth = 4; usesTabs = 0; };
		3F5203500FA6624C00E75857 /* VMMethod.h */ = {isa = PBXFileReference; fileEncoding = 4; indentWidth = 4; lastKnownFileType = sourcecode.c.h; path = VMMethod.h; sourceTree = "<group>"; tabWidth = 4; usesTabs = 0; };
		3F5203510FA6624C00E75857 /* VMObject.cpp */ = {isa = PBXFileReference; fileEncoding = 4; indentWidth = 4; lastKnownFileType = sourcecode.cpp.cpp; path = VMObject.cpp; sourceTree = "<group>"; tabWidth = 4; usesTabs = 0; };
		3F5203520FA6624C00E75857 /* VMObject.h */ = {isa = PBXFileReference; fileEncoding = 4; indentWidth = 4; lastKnownFileType = sourcecode.c.h; path = VMObject.h; sourceTree = "<group>"; tabWidth = 4; usesTabs = 0; };
		3F5203530FA6624C00E75857 /* VMPrimitive.cpp */ = {isa = PBXFileReference; fileEncoding = 4; indentWidth = 4; lastKnownFileType = sourcecode.cpp.cpp; path = VMPrimitive.cpp; sourceTree = "<group>"; tabWidth = 4; usesTabs = 0; };
		3F5203540FA6624C00E75857 /* VMPrimitive.h */ = {isa = PBXFileReference; fileEncoding = 4; indentWidth = 4; lastKnownFileType = sourcecode.c.h; path = VMPrimitive.h; sourceTree = "<group>"; tabWidth = 4; usesTabs = 0; };
		3F5203550FA6624C00E75857 /* VMString.cpp */ = {isa = PBXFileReference; fileEncoding = 4; indentWidth = 4; lastKnownFileType = sourcecode.cpp.cpp; path = VMString.cpp; sourceTree = "<group>"; tabWidth = 4; usesTabs = 0; };
		3F5203560FA6624C00E75857 /* VMString.h */ = {isa = PBXFileReference; fileEncoding = 4; indentWidth = 4; lastKnownFileType = sourcecode.c.h; path = VMString.h; sourceTree = "<group>"; tabWidth = 4; usesTabs = 0; };
		3F5203570FA6624C00E75857 /* VMSymbol.cpp */ = {isa = PBXFileReference; fileEncoding = 4; indentWidth = 4; lastKnownFileType = sourcecode.cpp.cpp; path = VMSymbol.cpp; sourceTree = "<group>"; tabWidth = 4; usesTabs = 0; };
		3F5203580FA6624C00E75857 /* VMSymbol.h */ = {isa = PBXFileReference; fileEncoding = 4; indentWidth = 4; lastKnownFileType = sourcecode.c.h; path = VMSymbol.h; sourceTree = "<group>"; tabWidth = 4; usesTabs = 0; };
/* End PBXFileReference section */

/* Begin PBXGroup section */
		0A044B310FD32F07009B284F /* actors */ = {
			isa = PBXGroup;
			children = (
				0A044B3D0FD32F13009B284F /* actors.h */,
				0A044B320FD32F07009B284F /* actors.cpp */,
				0A044B330FD32F07009B284F /* asm.h */,
				0A044B340FD32F07009B284F /* asm_test.cpp */,
				0A044B350FD32F07009B284F /* asm_test.h */,
				0A044B380FD32F07009B284F /* Interpreter.cpp */,
				0A044B3A0FD32F07009B284F /* synced_queue.cpp */,
				0A044B3B0FD32F07009B284F /* synced_queue.h */,
				0AA9E8850FD488D2001F2C47 /* GlobalObjectId.h */,
				0AA9E88B0FD51435001F2C47 /* ActorMessaging.h */,
				0AA9E88C0FD51435001F2C47 /* ActorMessaging.cpp */,
				0AA9F0D20FD9A77E001F2C47 /* messages.h */,
				0AA9F0E80FD9BC93001F2C47 /* messages.cpp */,
				0AA9EFE90FD938F1001F2C47 /* RemoteObjectManager.h */,
				0AA9EFEA0FD938F1001F2C47 /* RemoteObjectManager.cpp */,
			);
			path = actors;
			sourceTree = "<group>";
		};
		0AA9E7710FD46E18001F2C47 /* Smalltalk */ = {
			isa = PBXGroup;
			children = (
				0AA9F17D0FDA6271001F2C47 /* Actor.som */,
				0AA9E7720FD46E18001F2C47 /* Array.som */,
				0AA9E7730FD46E18001F2C47 /* BigInteger.som */,
				0AA9E7740FD46E18001F2C47 /* Block.som */,
				0AA9E7750FD46E19001F2C47 /* Block1.som */,
				0AA9E7760FD46E19001F2C47 /* Block2.som */,
				0AA9E7770FD46E19001F2C47 /* Block3.som */,
				0AA9E7780FD46E19001F2C47 /* Boolean.som */,
				0AA9E7790FD46E19001F2C47 /* Class.som */,
				0AA9E77A0FD46E19001F2C47 /* Dictionary.som */,
				0AA9E77B0FD46E19001F2C47 /* Double.som */,
				0AA9E77C0FD46E19001F2C47 /* False.som */,
				0AA9E77D0FD46E19001F2C47 /* Frame.som */,
				0AA9E77E0FD46E19001F2C47 /* HashEntry.som */,
				0AA9E77F0FD46E19001F2C47 /* Hashtable.som */,
				0AA9E7800FD46E19001F2C47 /* Integer.som */,
				0AA9E7810FD46E19001F2C47 /* Metaclass.som */,
				0AA9E7820FD46E19001F2C47 /* Method.som */,
				0AA9E7830FD46E19001F2C47 /* Nil.som */,
				0AA9E7840FD46E19001F2C47 /* Object.som */,
				0AA9E7850FD46E19001F2C47 /* Pair.som */,
				0AA9E7860FD46E19001F2C47 /* Primitive.som */,
				0AA9E7870FD46E19001F2C47 /* Set.som */,
				0AA9E7890FD46E19001F2C47 /* String.som */,
				0AA9E78A0FD46E19001F2C47 /* Symbol.som */,
				0AA9E78B0FD46E19001F2C47 /* System.som */,
				0AA9E78C0FD46E19001F2C47 /* Test.som */,
				0AA9E78D0FD46E19001F2C47 /* True.som */,
				0AA9E78E0FD46E19001F2C47 /* Vector.som */,
			);
			path = Smalltalk;
			sourceTree = "<group>";
		};
		0AA9E78F0FD46E33001F2C47 /* Examples */ = {
			isa = PBXGroup;
			children = (
				0AA9E7C90FD47034001F2C47 /* HelloWorld.som */,
				0AA9E7CA0FD47034001F2C47 /* CounterAct */,
				0AA9E7CE0FD47034001F2C47 /* CounterST */,
				0AA9E7900FD46E33001F2C47 /* Benchmarks */,
				0AA9E7A90FD46E33001F2C47 /* Echo */,
				0AA9E7AB0FD46E33001F2C47 /* Hello */,
				0AA9E7AD0FD46E33001F2C47 /* Snake */,
				0AA9E7BA0FD46E33001F2C47 /* StringTest */,
			);
			path = Examples;
			sourceTree = "<group>";
		};
		0AA9E7900FD46E33001F2C47 /* Benchmarks */ = {
			isa = PBXGroup;
			children = (
				0AA9E7910FD46E33001F2C47 /* All.som */,
				0AA9E7920FD46E33001F2C47 /* Ball.som */,
				0AA9E7930FD46E33001F2C47 /* Benchmark.som */,
				0AA9E7940FD46E33001F2C47 /* Bounce.som */,
				0AA9E7950FD46E33001F2C47 /* BubbleSort.som */,
				0AA9E7960FD46E33001F2C47 /* Dispatch.som */,
				0AA9E7970FD46E33001F2C47 /* Fibonacci.som */,
				0AA9E7980FD46E33001F2C47 /* IntegerLoop.som */,
				0AA9E7990FD46E33001F2C47 /* List.som */,
				0AA9E79A0FD46E33001F2C47 /* ListElement.som */,
				0AA9E79B0FD46E33001F2C47 /* Loop.som */,
				0AA9E79C0FD46E33001F2C47 /* Permute.som */,
				0AA9E79D0FD46E33001F2C47 /* Queens.som */,
				0AA9E79E0FD46E33001F2C47 /* QuickSort.som */,
				0AA9E79F0FD46E33001F2C47 /* Random.som */,
				0AA9E7A00FD46E33001F2C47 /* Recurse.som */,
				0AA9E7A10FD46E33001F2C47 /* Sieve.som */,
				0AA9E7A20FD46E33001F2C47 /* Sort.som */,
				0AA9E7A30FD46E33001F2C47 /* Storage.som */,
				0AA9E7A40FD46E33001F2C47 /* Sum.som */,
				0AA9E7A50FD46E33001F2C47 /* Towers.som */,
				0AA9E7A60FD46E33001F2C47 /* TowersDisk.som */,
				0AA9E7A70FD46E33001F2C47 /* TreeNode.som */,
				0AA9E7A80FD46E33001F2C47 /* TreeSort.som */,
			);
			path = Benchmarks;
			sourceTree = "<group>";
		};
		0AA9E7A90FD46E33001F2C47 /* Echo */ = {
			isa = PBXGroup;
			children = (
				0AA9E7AA0FD46E33001F2C47 /* Echo.som */,
			);
			path = Echo;
			sourceTree = "<group>";
		};
		0AA9E7AB0FD46E33001F2C47 /* Hello */ = {
			isa = PBXGroup;
			children = (
				0AA9E7AC0FD46E33001F2C47 /* Hello.som */,
			);
			path = Hello;
			sourceTree = "<group>";
		};
		0AA9E7AD0FD46E33001F2C47 /* Snake */ = {
			isa = PBXGroup;
			children = (
				0AA9E7AE0FD46E33001F2C47 /* Apple.som */,
				0AA9E7AF0FD46E33001F2C47 /* Board.som */,
				0AA9E7B00FD46E33001F2C47 /* BoardView.som */,
				0AA9E7B10FD46E33001F2C47 /* Core.cpp */,
				0AA9E7B20FD46E33001F2C47 /* Element.som */,
				0AA9E7B30FD46E33001F2C47 /* Main.som */,
				0AA9E7B40FD46E33001F2C47 /* Makefile */,
				0AA9E7B50FD46E33001F2C47 /* Snake.som */,
				0AA9E7B60FD46E33001F2C47 /* SnakeElement.som */,
				0AA9E7B70FD46E33001F2C47 /* Terminal.cpp */,
				0AA9E7B80FD46E33001F2C47 /* Terminal.h */,
				0AA9E7B90FD46E33001F2C47 /* Terminal.som */,
			);
			path = Snake;
			sourceTree = "<group>";
		};
		0AA9E7BA0FD46E33001F2C47 /* StringTest */ = {
			isa = PBXGroup;
			children = (
				0AA9E7BB0FD46E33001F2C47 /* StringTest.som */,
			);
			path = StringTest;
			sourceTree = "<group>";
		};
		0AA9E7CA0FD47034001F2C47 /* CounterAct */ = {
			isa = PBXGroup;
			children = (
				0AA9E7CB0FD47034001F2C47 /* Counter.som */,
				0AA9E7CC0FD47034001F2C47 /* Incrementor.som */,
				0AA9E7CD0FD47034001F2C47 /* Main.som */,
				0AA9F17E0FDABF77001F2C47 /* MainWOOM.som */,
				0A504B880FE06E7E00F3A3FE /* ParamTest.som */,
			);
			path = CounterAct;
			sourceTree = "<group>";
		};
		0AA9E7CE0FD47034001F2C47 /* CounterST */ = {
			isa = PBXGroup;
			children = (
				0AA9E7CF0FD47034001F2C47 /* Counter.som */,
				0AA9E7D00FD47034001F2C47 /* Main.som */,
			);
			path = CounterST;
			sourceTree = "<group>";
		};
		0AA9EE670FD702CF001F2C47 /* test */ = {
			isa = PBXGroup;
			children = (
				0AA9EE680FD702CF001F2C47 /* VMPointer.cpp */,
				0AA9EF2A0FD71DB3001F2C47 /* main.cpp */,
				0AA9EFD40FD93783001F2C47 /* std_map.cpp */,
				0A504F2F0FE4148100F3A3FE /* Serialization.cpp */,
				0A5051920FE47C6900F3A3FE /* misc.cpp */,
			);
			path = test;
			sourceTree = "<group>";
		};
		3F5202720FA661D900E75857 = {
			isa = PBXGroup;
			children = (
				3F5202920FA6624C00E75857 /* build */,
				3F5202EF0FA6624C00E75857 /* src */,
				0AA9E78F0FD46E33001F2C47 /* Examples */,
				0AA9EE670FD702CF001F2C47 /* test */,
				0AA9E7710FD46E18001F2C47 /* Smalltalk */,
			);
			sourceTree = "<group>";
		};
		3F5202920FA6624C00E75857 /* build */ = {
			isa = PBXGroup;
			children = (
				3F5202940FA6624C00E75857 /* Darwin.make */,
				3F5202950FA6624C00E75857 /* Linux.make */,
				3F5202A40FA6624C00E75857 /* windows.make */,
			);
			path = build;
			sourceTree = "<group>";
		};
		3F5202EF0FA6624C00E75857 /* src */ = {
			isa = PBXGroup;
			children = (
				0A044B310FD32F07009B284F /* actors */,
				3F5202F00FA6624C00E75857 /* compiler */,
				3F5203000FA6624C00E75857 /* interpreter */,
				3F5203050FA6624C00E75857 /* Main.cpp */,
				3F5203060FA6624C00E75857 /* memory */,
				3F52030B0FA6624C00E75857 /* misc */,
				3F5203110FA6624C00E75857 /* primitives */,
				3F5203280FA6624C00E75857 /* primitivesCore */,
				3F52032F0FA6624C00E75857 /* vm */,
				3F5203340FA6624C00E75857 /* vmobjects */,
			);
			path = src;
			sourceTree = "<group>";
		};
		3F5202F00FA6624C00E75857 /* compiler */ = {
			isa = PBXGroup;
			children = (
				3F5202F10FA6624C00E75857 /* BytecodeGenerator.cpp */,
				3F5202F20FA6624C00E75857 /* BytecodeGenerator.h */,
				3F5202F30FA6624C00E75857 /* ClassGenerationContext.cpp */,
				3F5202F40FA6624C00E75857 /* ClassGenerationContext.h */,
				3F5202F50FA6624C00E75857 /* Disassembler.cpp */,
				3F5202F60FA6624C00E75857 /* Disassembler.h */,
				3F5202F70FA6624C00E75857 /* Lexer.cpp */,
				3F5202F80FA6624C00E75857 /* Lexer.h */,
				3F5202F90FA6624C00E75857 /* MethodGenerationContext.cpp */,
				3F5202FA0FA6624C00E75857 /* MethodGenerationContext.h */,
				3F5202FB0FA6624C00E75857 /* Parser.cpp */,
				3F5202FC0FA6624C00E75857 /* Parser.h */,
				3F5202FD0FA6624C00E75857 /* SourcecodeCompiler.cpp */,
				3F5202FE0FA6624C00E75857 /* SourcecodeCompiler.h */,
			);
			path = compiler;
			sourceTree = "<group>";
		};
		3F5203000FA6624C00E75857 /* interpreter */ = {
			isa = PBXGroup;
			children = (
				3F5203010FA6624C00E75857 /* bytecodes.cpp */,
				3F5203020FA6624C00E75857 /* bytecodes.h */,
				3F5203030FA6624C00E75857 /* Interpreter.cpp */,
				3F5203040FA6624C00E75857 /* Interpreter.h */,
			);
			path = interpreter;
			sourceTree = "<group>";
		};
		3F5203060FA6624C00E75857 /* memory */ = {
			isa = PBXGroup;
			children = (
				3F5203070FA6624C00E75857 /* GarbageCollector.cpp */,
				3F5203080FA6624C00E75857 /* GarbageCollector.h */,
				3F5203090FA6624C00E75857 /* Heap.cpp */,
				3F52030A0FA6624C00E75857 /* Heap.h */,
				34FB20BE0FAC98430009EE70 /* ObjectTable.h */,
				34FB20BF0FAC98430009EE70 /* ObjectTable.cpp */,
			);
			path = memory;
			sourceTree = "<group>";
		};
		3F52030B0FA6624C00E75857 /* misc */ = {
			isa = PBXGroup;
			children = (
				3F52030C0FA6624C00E75857 /* debug.h */,
				3F52030D0FA6624C00E75857 /* defs.h */,
				3F52030E0FA6624C00E75857 /* ExtendedList.h */,
				3F52030F0FA6624C00E75857 /* gettimeofday.h */,
			);
			path = misc;
			sourceTree = "<group>";
		};
		3F5203110FA6624C00E75857 /* primitives */ = {
			isa = PBXGroup;
			children = (
				0AA9F1D30FDACAE6001F2C47 /* Actor.cpp */,
				0AA9F1D20FDACAE6001F2C47 /* Actor.h */,
				3F5203120FA6624C00E75857 /* Array.cpp */,
				3F5203130FA6624C00E75857 /* Array.h */,
				3F5203140FA6624C00E75857 /* BigInteger.cpp */,
				3F5203150FA6624C00E75857 /* BigInteger.h */,
				3F5203160FA6624C00E75857 /* Block.cpp */,
				3F5203170FA6624C00E75857 /* Block.h */,
				3F5203180FA6624C00E75857 /* Class.cpp */,
				3F5203190FA6624C00E75857 /* Class.h */,
				3F52031A0FA6624C00E75857 /* Core.cpp */,
				3F52031B0FA6624C00E75857 /* Core.h */,
				3F52031C0FA6624C00E75857 /* Double.cpp */,
				3F52031D0FA6624C00E75857 /* Double.h */,
				3F52031E0FA6624C00E75857 /* Integer.cpp */,
				3F52031F0FA6624C00E75857 /* Integer.h */,
				3F5203200FA6624C00E75857 /* Object.cpp */,
				3F5203210FA6624C00E75857 /* Object.h */,
				3F5203220FA6624C00E75857 /* String.cpp */,
				3F5203230FA6624C00E75857 /* String.h */,
				3F5203240FA6624C00E75857 /* Symbol.cpp */,
				3F5203250FA6624C00E75857 /* Symbol.h */,
				3F5203260FA6624C00E75857 /* System.cpp */,
				3F5203270FA6624C00E75857 /* System.h */,
			);
			path = primitives;
			sourceTree = "<group>";
		};
		3F5203280FA6624C00E75857 /* primitivesCore */ = {
			isa = PBXGroup;
			children = (
				3F5203290FA6624C00E75857 /* PrimitiveContainer.cpp */,
				3F52032A0FA6624C00E75857 /* PrimitiveContainer.h */,
				3F52032B0FA6624C00E75857 /* PrimitiveLoader.cpp */,
				3F52032C0FA6624C00E75857 /* PrimitiveLoader.h */,
				3F52032D0FA6624C00E75857 /* resource.h */,
				3F52032E0FA6624C00E75857 /* Routine.h */,
			);
			path = primitivesCore;
			sourceTree = "<group>";
		};
		3F52032F0FA6624C00E75857 /* vm */ = {
			isa = PBXGroup;
			children = (
				3F5203300FA6624C00E75857 /* Shell.cpp */,
				3F5203310FA6624C00E75857 /* Shell.h */,
				3F5203320FA6624C00E75857 /* Universe.cpp */,
				3F5203330FA6624C00E75857 /* Universe.h */,
			);
			path = vm;
			sourceTree = "<group>";
		};
		3F5203340FA6624C00E75857 /* vmobjects */ = {
			isa = PBXGroup;
			children = (
				34FB20870FAC73020009EE70 /* VMPointer.h */,
				349F277B0FC5B3FF00BD0A41 /* VMPointer.cpp */,
				34FB20880FAC73020009EE70 /* VMPointerConverter.h */,
				3F5203350FA6624C00E75857 /* ObjectFormats.h */,
				3F5203360FA6624C00E75857 /* PrimitiveRoutine.h */,
				3F5203370FA6624C00E75857 /* Signature.cpp */,
				3F5203380FA6624C00E75857 /* Signature.h */,
				3F5203390FA6624C00E75857 /* Symboltable.cpp */,
				3F52033A0FA6624C00E75857 /* Symboltable.h */,
				3F52033B0FA6624C00E75857 /* VMArray.cpp */,
				3F52033C0FA6624C00E75857 /* VMArray.h */,
				3F52033D0FA6624C00E75857 /* VMBigInteger.cpp */,
				3F52033E0FA6624C00E75857 /* VMBigInteger.h */,
				3F52033F0FA6624C00E75857 /* VMBlock.cpp */,
				3F5203400FA6624C00E75857 /* VMBlock.h */,
				3F5203410FA6624C00E75857 /* VMClass.cpp */,
				3F5203420FA6624C00E75857 /* VMClass.h */,
				3F5203430FA6624C00E75857 /* VMDouble.cpp */,
				3F5203440FA6624C00E75857 /* VMDouble.h */,
				3F5203450FA6624C00E75857 /* VMEvaluationPrimitive.cpp */,
				3F5203460FA6624C00E75857 /* VMEvaluationPrimitive.h */,
				3F5203470FA6624C00E75857 /* VMFrame.cpp */,
				3F5203480FA6624C00E75857 /* VMFrame.h */,
				3F5203490FA6624C00E75857 /* VMFreeObject.cpp */,
				3F52034A0FA6624C00E75857 /* VMFreeObject.h */,
				3F52034B0FA6624C00E75857 /* VMInteger.cpp */,
				3F52034C0FA6624C00E75857 /* VMInteger.h */,
				3F52034D0FA6624C00E75857 /* VMInvokable.cpp */,
				3F52034E0FA6624C00E75857 /* VMInvokable.h */,
				3F52034F0FA6624C00E75857 /* VMMethod.cpp */,
				3F5203500FA6624C00E75857 /* VMMethod.h */,
				3F5203510FA6624C00E75857 /* VMObject.cpp */,
				3F5203520FA6624C00E75857 /* VMObject.h */,
				3F5203530FA6624C00E75857 /* VMPrimitive.cpp */,
				3F5203540FA6624C00E75857 /* VMPrimitive.h */,
				3F5203550FA6624C00E75857 /* VMString.cpp */,
				3F5203560FA6624C00E75857 /* VMString.h */,
				3F5203570FA6624C00E75857 /* VMSymbol.cpp */,
				3F5203580FA6624C00E75857 /* VMSymbol.h */,
				0AA9EFBF0FD91C57001F2C47 /* VMRemoteObject.h */,
				0AA9EFC00FD91C57001F2C47 /* VMRemoteObject.cpp */,
			);
			path = vmobjects;
			sourceTree = "<group>";
		};
/* End PBXGroup section */

/* Begin PBXLegacyTarget section */
		0A044AC70FD31F57009B284F /* make */ = {
			isa = PBXLegacyTarget;
			buildArgumentsString = "$(ACTION) $(DBG_FLAGS)";
			buildConfigurationList = 0A044ACC0FD31F63009B284F /* Build configuration list for PBXLegacyTarget "make" */;
			buildPhases = (
			);
			buildToolPath = /usr/bin/make;
			buildWorkingDirectory = "";
			dependencies = (
			);
			name = make;
			passBuildSettingsInEnvironment = 0;
			productName = make;
		};
		0AA9EFFD0FD93C31001F2C47 /* make unittests */ = {
			isa = PBXLegacyTarget;
			buildArgumentsString = "$(ACTION) $(DBG_FLAGS) unittests ";
			buildConfigurationList = 0AA9EFFE0FD93C31001F2C47 /* Build configuration list for PBXLegacyTarget "make unittests" */;
			buildPhases = (
			);
			buildToolPath = /usr/bin/make;
			buildWorkingDirectory = "";
			dependencies = (
			);
			name = "make unittests";
			passBuildSettingsInEnvironment = 0;
			productName = make;
		};
/* End PBXLegacyTarget section */

/* Begin PBXProject section */
		3F5202740FA661D900E75857 /* Project object */ = {
			isa = PBXProject;
			buildConfigurationList = 3F5202770FA661D900E75857 /* Build configuration list for PBXProject "SOM" */;
			compatibilityVersion = "Xcode 3.1";
			hasScannedForEncodings = 0;
			mainGroup = 3F5202720FA661D900E75857;
			productRefGroup = 3F5202720FA661D900E75857;
			projectDirPath = "";
			projectRoot = "";
			targets = (
				0A044AC70FD31F57009B284F /* make */,
				0AA9EFFD0FD93C31001F2C47 /* make unittests */,
			);
		};
/* End PBXProject section */

/* Begin XCBuildConfiguration section */
		0A044AC80FD31F57009B284F /* Debug */ = {
			isa = XCBuildConfiguration;
			buildSettings = {
				COPY_PHASE_STRIP = NO;
				DBG_FLAGS = "DBG_FLAGS=\"-DDEBUG -g3\"";
				GCC_DYNAMIC_NO_PIC = NO;
				GCC_OPTIMIZATION_LEVEL = 0;
				PRODUCT_NAME = make;
			};
			name = Debug;
		};
		0A044AC90FD31F57009B284F /* Release */ = {
			isa = XCBuildConfiguration;
			buildSettings = {
				COPY_PHASE_STRIP = YES;
				DEBUG_INFORMATION_FORMAT = "dwarf-with-dsym";
				GCC_ENABLE_FIX_AND_CONTINUE = NO;
				PRODUCT_NAME = make;
				ZERO_LINK = NO;
			};
			name = Release;
		};
		0AA9EFFF0FD93C31001F2C47 /* Debug */ = {
			isa = XCBuildConfiguration;
			buildSettings = {
				COPY_PHASE_STRIP = NO;
				DBG_FLAGS = "DBG_FLAGS=\"-DDEBUG -g3\"";
				GCC_DYNAMIC_NO_PIC = NO;
				GCC_OPTIMIZATION_LEVEL = 0;
				PRODUCT_NAME = "make unitttests";
			};
			name = Debug;
		};
		0AA9F0000FD93C31001F2C47 /* Release */ = {
			isa = XCBuildConfiguration;
			buildSettings = {
				COPY_PHASE_STRIP = YES;
				DEBUG_INFORMATION_FORMAT = "dwarf-with-dsym";
				GCC_ENABLE_FIX_AND_CONTINUE = NO;
				PRODUCT_NAME = make;
				ZERO_LINK = NO;
			};
			name = Release;
		};
		3F5202750FA661D900E75857 /* Debug */ = {
			isa = XCBuildConfiguration;
			buildSettings = {
				COPY_PHASE_STRIP = NO;
				MAKE_ARGS = debug;
			};
			name = Debug;
		};
		3F5202760FA661D900E75857 /* Release */ = {
			isa = XCBuildConfiguration;
			buildSettings = {
				COPY_PHASE_STRIP = YES;
				MAKE_ARGS = all;
			};
			name = Release;
		};
/* End XCBuildConfiguration section */

/* Begin XCConfigurationList section */
		0A044ACC0FD31F63009B284F /* Build configuration list for PBXLegacyTarget "make" */ = {
			isa = XCConfigurationList;
			buildConfigurations = (
				0A044AC80FD31F57009B284F /* Debug */,
				0A044AC90FD31F57009B284F /* Release */,
			);
			defaultConfigurationIsVisible = 0;
			defaultConfigurationName = Release;
		};
		0AA9EFFE0FD93C31001F2C47 /* Build configuration list for PBXLegacyTarget "make unittests" */ = {
			isa = XCConfigurationList;
			buildConfigurations = (
				0AA9EFFF0FD93C31001F2C47 /* Debug */,
				0AA9F0000FD93C31001F2C47 /* Release */,
			);
			defaultConfigurationIsVisible = 0;
			defaultConfigurationName = Release;
		};
		3F5202770FA661D900E75857 /* Build configuration list for PBXProject "SOM" */ = {
			isa = XCConfigurationList;
			buildConfigurations = (
				3F5202750FA661D900E75857 /* Debug */,
				3F5202760FA661D900E75857 /* Release */,
			);
			defaultConfigurationIsVisible = 0;
			defaultConfigurationName = Release;
		};
/* End XCConfigurationList section */
	};
	rootObject = 3F5202740FA661D900E75857 /* Project object */;
}
